
Microsoft Visual Studio Solution File, Format Version 12.00
Project("{FAE04EC0-301F-11D3-BF4B-00C04F79EFBC}") = "EfSqlite", "EfSqlite\EfSqlite.csproj", "{C5E329BE-2B30-4AC1-A3B6-02C2E656F92D}"
EndProject
Project("{FAE04EC0-301F-11D3-BF4B-00C04F79EFBC}") = "DataAnnotationValidation", "DataAnnotationValidation\DataAnnotationValidation.csproj", "{272E7228-A2CB-42CC-A54E-225D6C0E1BC5}"
EndProject
Global
	GlobalSection(SolutionConfigurationPlatforms) = preSolution
		Debug|Any CPU = Debug|Any CPU
		Release|Any CPU = Release|Any CPU
	EndGlobalSection
	GlobalSection(ProjectConfigurationPlatforms) = postSolution
		{C5E329BE-2B30-4AC1-A3B6-02C2E656F92D}.Debug|Any CPU.ActiveCfg = Debug|Any CPU
		{C5E329BE-2B30-4AC1-A3B6-02C2E656F92D}.Debug|Any CPU.Build.0 = Debug|Any CPU
		{C5E329BE-2B30-4AC1-A3B6-02C2E656F92D}.Release|Any CPU.ActiveCfg = Release|Any CPU
		{C5E329BE-2B30-4AC1-A3B6-02C2E656F92D}.Release|Any CPU.Build.0 = Release|Any CPU
		{272E7228-A2CB-42CC-A54E-225D6C0E1BC5}.Debug|Any CPU.ActiveCfg = Debug|Any CPU
		{272E7228-A2CB-42CC-A54E-225D6C0E1BC5}.Debug|Any CPU.Build.0 = Debug|Any CPU
		{272E7228-A2CB-42CC-A54E-225D6C0E1BC5}.Release|Any CPU.ActiveCfg = Release|Any CPU
		{272E7228-A2CB-42CC-A54E-225D6C0E1BC5}.Release|Any CPU.Build.0 = Release|Any CPU
	EndGlobalSection
EndGlobal
